github.com/lucyyangruo/dogCopy v0.0.0-20240528054013-a8e62aa2b62a h1:cNtQcmoP/CettJgHseMOgIToEFYKIFzM3nrzECSBhTY=
github.com/lucyyangruo/dogCopy v0.0.0-20240528054013-a8e62aa2b62a/go.mod h1:AY45BBwdR2cR2CnH+/e0tYyzEpKhRL6qd5aAjH+UrVM=
github.com/lucyyangruo/puppyCopy v1.2.0 h1:15AimGYg1XhM0jLOjYyJs3hTgCO4AyOPdgyhw305UOo=
github.com/lucyyangruo/puppyCopy v1.2.0/go.mod h1:LX70TY3H/ieMU+xw5si3okoLaNxGMtwnJFXsUVbyluM=
github.com/lucyyangruo/puppyCopy v1.3.1 h1:5yFnh34GJDVChhDa7JIcl6bxeLgfFH2sy6wwuK1Ub8s=
github.com/lucyyangruo/puppyCopy v1.3.1/go.mod h1:LX70TY3H/ieMU+xw5si3okoLaNxGMtwnJFXsUVbyluM=
github.com/lucyyangruo/puppyCopy v1.3.2 h1:saMoumRYv+DTgPXzrFJwBdO/QobZ8F9WTCJ1DvpbsIo=
github.com/lucyyangruo/puppyCopy v1.3.2/go.mod h1:WAaHvhjTGHcNR3fnDuXjVyysxKPJe20xF7wpovMTi+4=
